
Microsoft Visual Studio Solution File, Format Version 12.00
# Visual Studio Version 16
VisualStudioVersion = 16.0.31702.278
MinimumVisualStudioVersion = 10.0.40219.1
Project("{FAE04EC0-301F-11D3-BF4B-00C04F79EFBC}") = "Example 1", "Example 1\Example 1.csproj", "{FD5A5E4C-32C4-444E-B5F3-806F210C8636}"
EndProject
Global
	GlobalSection(SolutionConfigurationPlatforms) = preSolution
		Debug|Any CPU = Debug|Any CPU
		Release|Any CPU = Release|Any CPU
	EndGlobalSection
	GlobalSection(ProjectConfigurationPlatforms) = postSolution
		{FD5A5E4C-32C4-444E-B5F3-806F210C8636}.Debug|Any CPU.ActiveCfg = Debug|Any CPU
		{FD5A5E4C-32C4-444E-B5F3-806F210C8636}.Debug|Any CPU.Build.0 = Debug|Any CPU
		{FD5A5E4C-32C4-444E-B5F3-806F210C8636}.Release|Any CPU.ActiveCfg = Release|Any CPU
		{FD5A5E4C-32C4-444E-B5F3-806F210C8636}.Release|Any CPU.Build.0 = Release|Any CPU
	EndGlobalSection
	GlobalSection(SolutionProperties) = preSolution
		HideSolutionNode = FALSE
	EndGlobalSection
	GlobalSection(ExtensibilityGlobals) = postSolution
		SolutionGuid = {BF02F7E7-0C35-4B81-8BB4-1B0021DE14AF}
	EndGlobalSection
EndGlobal
